// !$*UTF8*$!
{
	archiveVersion = 1;
	classes = {
	};
	objectVersion = 51;
	objects = {

/* Begin PBXBuildFile section */
		8303749722DB892E000143EE /* PopularMovies.swift in Sources */ = {isa = PBXBuildFile; fileRef = 8303749622DB892E000143EE /* PopularMovies.swift */; };
		8303749A22DBA861000143EE /* MovieDetail.storyboard in Resources */ = {isa = PBXBuildFile; fileRef = 8303749922DBA861000143EE /* MovieDetail.storyboard */; };
		8303749C22DBA89E000143EE /* MovieDetailViewController.swift in Sources */ = {isa = PBXBuildFile; fileRef = 8303749B22DBA89E000143EE /* MovieDetailViewController.swift */; };
		838184BF22DA860A00919ABD /* AppDelegate.swift in Sources */ = {isa = PBXBuildFile; fileRef = 838184BE22DA860A00919ABD /* AppDelegate.swift */; };
		838184C622DA860C00919ABD /* Assets.xcassets in Resources */ = {isa = PBXBuildFile; fileRef = 838184C522DA860C00919ABD /* Assets.xcassets */; };
		838184C922DA860C00919ABD /* LaunchScreen.storyboard in Resources */ = {isa = PBXBuildFile; fileRef = 838184C722DA860C00919ABD /* LaunchScreen.storyboard */; };
		838184D422DA860C00919ABD /* TheMoviesAppTests.swift in Sources */ = {isa = PBXBuildFile; fileRef = 838184D322DA860C00919ABD /* TheMoviesAppTests.swift */; };
		838184F122DA9D8100919ABD /* MovieListViewController.swift in Sources */ = {isa = PBXBuildFile; fileRef = 838184EE22DA9D8100919ABD /* MovieListViewController.swift */; };
		838184F222DA9D8100919ABD /* Main.storyboard in Resources */ = {isa = PBXBuildFile; fileRef = 838184EF22DA9D8100919ABD /* Main.storyboard */; };
		838184F622DA9DCA00919ABD /* MovieViewCell.xib in Resources */ = {isa = PBXBuildFile; fileRef = 838184F422DA9DCA00919ABD /* MovieViewCell.xib */; };
		838184F722DA9DCA00919ABD /* MovieViewCell.swift in Sources */ = {isa = PBXBuildFile; fileRef = 838184F522DA9DCA00919ABD /* MovieViewCell.swift */; };
		838184F922DA9DF700919ABD /* Movie.swift in Sources */ = {isa = PBXBuildFile; fileRef = 838184F822DA9DF700919ABD /* Movie.swift */; };
		838184FF22DA9FDC00919ABD /* ConstantsRestApi.swift in Sources */ = {isa = PBXBuildFile; fileRef = 838184FE22DA9FDC00919ABD /* ConstantsRestApi.swift */; };
		8381850122DAAFAF00919ABD /* ApiAccess.swift in Sources */ = {isa = PBXBuildFile; fileRef = 8381850022DAAFAF00919ABD /* ApiAccess.swift */; };
		8381850322DAB53C00919ABD /* MovieListViewModel.swift in Sources */ = {isa = PBXBuildFile; fileRef = 8381850222DAB53B00919ABD /* MovieListViewModel.swift */; };
		8381850822DABE7300919ABD /* MovieListViewModelCallback.swift in Sources */ = {isa = PBXBuildFile; fileRef = 8381850722DABE7300919ABD /* MovieListViewModelCallback.swift */; };
		A8A4C63B550E500019D238AB /* Pods_TheMoviesAppTests.framework in Frameworks */ = {isa = PBXBuildFile; fileRef = BB69776568FADF00ED688C35 /* Pods_TheMoviesAppTests.framework */; };
		E4DBB5F3A33C92DDF84104C3 /* Pods_TheMoviesApp.framework in Frameworks */ = {isa = PBXBuildFile; fileRef = C5F61974EFF76176AFC5DE91 /* Pods_TheMoviesApp.framework */; };
/* End PBXBuildFile section */

/* Begin PBXContainerItemProxy section */
		838184D022DA860C00919ABD /* PBXContainerItemProxy */ = {
			isa = PBXContainerItemProxy;
			containerPortal = 838184B322DA860A00919ABD /* Project object */;
			proxyType = 1;
			remoteGlobalIDString = 838184BA22DA860A00919ABD;
			remoteInfo = TheMoviesApp;
		};
/* End PBXContainerItemProxy section */

/* Begin PBXFileReference section */
		03F3D7C28973AC637C922C12 /* Pods-TheMoviesAppTests.release.xcconfig */ = {isa = PBXFileReference; includeInIndex = 1; lastKnownFileType = text.xcconfig; name = "Pods-TheMoviesAppTests.release.xcconfig"; path = "Target Support Files/Pods-TheMoviesAppTests/Pods-TheMoviesAppTests.release.xcconfig"; sourceTree = "<group>"; };
		8303749622DB892E000143EE /* PopularMovies.swift */ = {isa = PBXFileReference; lastKnownFileType = sourcecode.swift; path = PopularMovies.swift; sourceTree = "<group>"; };
		8303749922DBA861000143EE /* MovieDetail.storyboard */ = {isa = PBXFileReference; lastKnownFileType = file.storyboard; path = MovieDetail.storyboard; sourceTree = "<group>"; };
		8303749B22DBA89E000143EE /* MovieDetailViewController.swift */ = {isa = PBXFileReference; lastKnownFileType = sourcecode.swift; path = MovieDetailViewController.swift; sourceTree = "<group>"; };
		838184BB22DA860A00919ABD /* TheMoviesApp.app */ = {isa = PBXFileReference; explicitFileType = wrapper.application; includeInIndex = 0; path = TheMoviesApp.app; sourceTree = BUILT_PRODUCTS_DIR; };
		838184BE22DA860A00919ABD /* AppDelegate.swift */ = {isa = PBXFileReference; lastKnownFileType = sourcecode.swift; path = AppDelegate.swift; sourceTree = "<group>"; };
		838184C522DA860C00919ABD /* Assets.xcassets */ = {isa = PBXFileReference; lastKnownFileType = folder.assetcatalog; path = Assets.xcassets; sourceTree = "<group>"; };
		838184C822DA860C00919ABD /* Base */ = {isa = PBXFileReference; lastKnownFileType = file.storyboard; name = Base; path = Base.lproj/LaunchScreen.storyboard; sourceTree = "<group>"; };
		838184CA22DA860C00919ABD /* Info.plist */ = {isa = PBXFileReference; lastKnownFileType = text.plist.xml; path = Info.plist; sourceTree = "<group>"; };
		838184CF22DA860C00919ABD /* TheMoviesAppTests.xctest */ = {isa = PBXFileReference; explicitFileType = wrapper.cfbundle; includeInIndex = 0; path = TheMoviesAppTests.xctest; sourceTree = BUILT_PRODUCTS_DIR; };
		838184D322DA860C00919ABD /* TheMoviesAppTests.swift */ = {isa = PBXFileReference; lastKnownFileType = sourcecode.swift; path = TheMoviesAppTests.swift; sourceTree = "<group>"; };
		838184D522DA860C00919ABD /* Info.plist */ = {isa = PBXFileReference; lastKnownFileType = text.plist.xml; path = Info.plist; sourceTree = "<group>"; };
		838184EE22DA9D8100919ABD /* MovieListViewController.swift */ = {isa = PBXFileReference; fileEncoding = 4; lastKnownFileType = sourcecode.swift; path = MovieListViewController.swift; sourceTree = "<group>"; };
		838184F022DA9D8100919ABD /* Base */ = {isa = PBXFileReference; lastKnownFileType = file.storyboard; name = Base; path = Base.lproj/Main.storyboard; sourceTree = "<group>"; };
		838184F422DA9DCA00919ABD /* MovieViewCell.xib */ = {isa = PBXFileReference; fileEncoding = 4; lastKnownFileType = file.xib; path = MovieViewCell.xib; sourceTree = "<group>"; };
		838184F522DA9DCA00919ABD /* MovieViewCell.swift */ = {isa = PBXFileReference; fileEncoding = 4; lastKnownFileType = sourcecode.swift; path = MovieViewCell.swift; sourceTree = "<group>"; };
		838184F822DA9DF700919ABD /* Movie.swift */ = {isa = PBXFileReference; fileEncoding = 4; lastKnownFileType = sourcecode.swift; name = Movie.swift; path = TheMoviesApp/Models/Movie.swift; sourceTree = SOURCE_ROOT; };
		838184FE22DA9FDC00919ABD /* ConstantsRestApi.swift */ = {isa = PBXFileReference; lastKnownFileType = sourcecode.swift; path = ConstantsRestApi.swift; sourceTree = "<group>"; };
		8381850022DAAFAF00919ABD /* ApiAccess.swift */ = {isa = PBXFileReference; lastKnownFileType = sourcecode.swift; path = ApiAccess.swift; sourceTree = "<group>"; };
		8381850222DAB53B00919ABD /* MovieListViewModel.swift */ = {isa = PBXFileReference; fileEncoding = 4; lastKnownFileType = sourcecode.swift; name = MovieListViewModel.swift; path = TheMoviesApp/ViewModels/MovieListViewModel.swift; sourceTree = SOURCE_ROOT; };
		8381850722DABE7300919ABD /* MovieListViewModelCallback.swift */ = {isa = PBXFileReference; lastKnownFileType = sourcecode.swift; path = MovieListViewModelCallback.swift; sourceTree = "<group>"; };
		98D95303081CA00D0B98DA4A /* Pods-TheMoviesApp.release.xcconfig */ = {isa = PBXFileReference; includeInIndex = 1; lastKnownFileType = text.xcconfig; name = "Pods-TheMoviesApp.release.xcconfig"; path = "Target Support Files/Pods-TheMoviesApp/Pods-TheMoviesApp.release.xcconfig"; sourceTree = "<group>"; };
		BB69776568FADF00ED688C35 /* Pods_TheMoviesAppTests.framework */ = {isa = PBXFileReference; explicitFileType = wrapper.framework; includeInIndex = 0; path = Pods_TheMoviesAppTests.framework; sourceTree = BUILT_PRODUCTS_DIR; };
		C5F61974EFF76176AFC5DE91 /* Pods_TheMoviesApp.framework */ = {isa = PBXFileReference; explicitFileType = wrapper.framework; includeInIndex = 0; path = Pods_TheMoviesApp.framework; sourceTree = BUILT_PRODUCTS_DIR; };
		C918DF8ACF7808C7CD94EF9B /* Pods-TheMoviesAppTests.debug.xcconfig */ = {isa = PBXFileReference; includeInIndex = 1; lastKnownFileType = text.xcconfig; name = "Pods-TheMoviesAppTests.debug.xcconfig"; path = "Target Support Files/Pods-TheMoviesAppTests/Pods-TheMoviesAppTests.debug.xcconfig"; sourceTree = "<group>"; };
		FEFFFABED320A03964F651E5 /* Pods-TheMoviesApp.debug.xcconfig */ = {isa = PBXFileReference; includeInIndex = 1; lastKnownFileType = text.xcconfig; name = "Pods-TheMoviesApp.debug.xcconfig"; path = "Target Support Files/Pods-TheMoviesApp/Pods-TheMoviesApp.debug.xcconfig"; sourceTree = "<group>"; };
/* End PBXFileReference section */

/* Begin PBXFrameworksBuildPhase section */
		838184B822DA860A00919ABD /* Frameworks */ = {
			isa = PBXFrameworksBuildPhase;
			buildActionMask = 2147483647;
			files = (
				E4DBB5F3A33C92DDF84104C3 /* Pods_TheMoviesApp.framework in Frameworks */,
			);
			runOnlyForDeploymentPostprocessing = 0;
		};
		838184CC22DA860C00919ABD /* Frameworks */ = {
			isa = PBXFrameworksBuildPhase;
			buildActionMask = 2147483647;
			files = (
				A8A4C63B550E500019D238AB /* Pods_TheMoviesAppTests.framework in Frameworks */,
			);
			runOnlyForDeploymentPostprocessing = 0;
		};
/* End PBXFrameworksBuildPhase section */

/* Begin PBXGroup section */
		8303749822DBA5E5000143EE /* MovieDetail */ = {
			isa = PBXGroup;
			children = (
				8303749922DBA861000143EE /* MovieDetail.storyboard */,
				8303749B22DBA89E000143EE /* MovieDetailViewController.swift */,
			);
			path = MovieDetail;
			sourceTree = "<group>";
		};
		838184B222DA860A00919ABD = {
			isa = PBXGroup;
			children = (
				838184BD22DA860A00919ABD /* TheMoviesApp */,
				838184D222DA860C00919ABD /* TheMoviesAppTests */,
				838184BC22DA860A00919ABD /* Products */,
				9A6B9FFEE0B01D671C54A98D /* Pods */,
				A8179156112D42F8661F23E7 /* Frameworks */,
			);
			sourceTree = "<group>";
		};
		838184BC22DA860A00919ABD /* Products */ = {
			isa = PBXGroup;
			children = (
				838184BB22DA860A00919ABD /* TheMoviesApp.app */,
				838184CF22DA860C00919ABD /* TheMoviesAppTests.xctest */,
			);
			name = Products;
			sourceTree = "<group>";
		};
		838184BD22DA860A00919ABD /* TheMoviesApp */ = {
			isa = PBXGroup;
			children = (
				838184FC22DA9F2B00919ABD /* Infra */,
				838184F322DA9DCA00919ABD /* Views */,
				838184E322DA8D1A00919ABD /* ViewModels */,
				838184E022DA8C0C00919ABD /* Models */,
				838184DE22DA89AE00919ABD /* Screens */,
				838184BE22DA860A00919ABD /* AppDelegate.swift */,
				838184C522DA860C00919ABD /* Assets.xcassets */,
				838184C722DA860C00919ABD /* LaunchScreen.storyboard */,
				838184CA22DA860C00919ABD /* Info.plist */,
			);
			path = TheMoviesApp;
			sourceTree = "<group>";
		};
		838184D222DA860C00919ABD /* TheMoviesAppTests */ = {
			isa = PBXGroup;
			children = (
				838184D322DA860C00919ABD /* TheMoviesAppTests.swift */,
				838184D522DA860C00919ABD /* Info.plist */,
			);
			path = TheMoviesAppTests;
			sourceTree = "<group>";
		};
		838184DE22DA89AE00919ABD /* Screens */ = {
			isa = PBXGroup;
			children = (
				8303749822DBA5E5000143EE /* MovieDetail */,
				838184ED22DA9D8100919ABD /* MovieList */,
			);
			path = Screens;
			sourceTree = "<group>";
		};
		838184E022DA8C0C00919ABD /* Models */ = {
			isa = PBXGroup;
			children = (
				838184F822DA9DF700919ABD /* Movie.swift */,
				8303749622DB892E000143EE /* PopularMovies.swift */,
			);
			path = Models;
			sourceTree = "<group>";
		};
		838184E322DA8D1A00919ABD /* ViewModels */ = {
			isa = PBXGroup;
			children = (
				8381850222DAB53B00919ABD /* MovieListViewModel.swift */,
				8381850722DABE7300919ABD /* MovieListViewModelCallback.swift */,
			);
			path = ViewModels;
			sourceTree = "<group>";
		};
		838184ED22DA9D8100919ABD /* MovieList */ = {
			isa = PBXGroup;
			children = (
				838184EE22DA9D8100919ABD /* MovieListViewController.swift */,
				838184EF22DA9D8100919ABD /* Main.storyboard */,
			);
			path = MovieList;
			sourceTree = "<group>";
		};
		838184F322DA9DCA00919ABD /* Views */ = {
			isa = PBXGroup;
			children = (
				838184F422DA9DCA00919ABD /* MovieViewCell.xib */,
				838184F522DA9DCA00919ABD /* MovieViewCell.swift */,
			);
			path = Views;
			sourceTree = "<group>";
		};
		838184FC22DA9F2B00919ABD /* Infra */ = {
			isa = PBXGroup;
			children = (
				838184FD22DA9FB200919ABD /* Api */,
			);
			path = Infra;
			sourceTree = "<group>";
		};
		838184FD22DA9FB200919ABD /* Api */ = {
			isa = PBXGroup;
			children = (
				838184FE22DA9FDC00919ABD /* ConstantsRestApi.swift */,
				8381850022DAAFAF00919ABD /* ApiAccess.swift */,
			);
			path = Api;
			sourceTree = "<group>";
		};
		9A6B9FFEE0B01D671C54A98D /* Pods */ = {
			isa = PBXGroup;
			children = (
				FEFFFABED320A03964F651E5 /* Pods-TheMoviesApp.debug.xcconfig */,
				98D95303081CA00D0B98DA4A /* Pods-TheMoviesApp.release.xcconfig */,
				C918DF8ACF7808C7CD94EF9B /* Pods-TheMoviesAppTests.debug.xcconfig */,
				03F3D7C28973AC637C922C12 /* Pods-TheMoviesAppTests.release.xcconfig */,
			);
			path = Pods;
			sourceTree = "<group>";
		};
		A8179156112D42F8661F23E7 /* Frameworks */ = {
			isa = PBXGroup;
			children = (
				C5F61974EFF76176AFC5DE91 /* Pods_TheMoviesApp.framework */,
				BB69776568FADF00ED688C35 /* Pods_TheMoviesAppTests.framework */,
			);
			name = Frameworks;
			sourceTree = "<group>";
		};
/* End PBXGroup section */

/* Begin PBXNativeTarget section */
		838184BA22DA860A00919ABD /* TheMoviesApp */ = {
			isa = PBXNativeTarget;
			buildConfigurationList = 838184D822DA860C00919ABD /* Build configuration list for PBXNativeTarget "TheMoviesApp" */;
			buildPhases = (
				8424F08034762CA49ED458A2 /* [CP] Check Pods Manifest.lock */,
				838184B722DA860A00919ABD /* Sources */,
				838184B822DA860A00919ABD /* Frameworks */,
				838184B922DA860A00919ABD /* Resources */,
				60CC4767F65C5726FAF4B1BE /* [CP] Embed Pods Frameworks */,
			);
			buildRules = (
			);
			dependencies = (
			);
			name = TheMoviesApp;
			productName = TheMoviesApp;
			productReference = 838184BB22DA860A00919ABD /* TheMoviesApp.app */;
			productType = "com.apple.product-type.application";
		};
		838184CE22DA860C00919ABD /* TheMoviesAppTests */ = {
			isa = PBXNativeTarget;
			buildConfigurationList = 838184DB22DA860C00919ABD /* Build configuration list for PBXNativeTarget "TheMoviesAppTests" */;
			buildPhases = (
				4C5EC596B84D14FB9291EBD0 /* [CP] Check Pods Manifest.lock */,
				838184CB22DA860C00919ABD /* Sources */,
				838184CC22DA860C00919ABD /* Frameworks */,
				838184CD22DA860C00919ABD /* Resources */,
			);
			buildRules = (
			);
			dependencies = (
				838184D122DA860C00919ABD /* PBXTargetDependency */,
			);
			name = TheMoviesAppTests;
			productName = TheMoviesAppTests;
			productReference = 838184CF22DA860C00919ABD /* TheMoviesAppTests.xctest */;
			productType = "com.apple.product-type.bundle.unit-test";
		};
/* End PBXNativeTarget section */

/* Begin PBXProject section */
		838184B322DA860A00919ABD /* Project object */ = {
			isa = PBXProject;
			attributes = {
				LastSwiftUpdateCheck = 1020;
				LastUpgradeCheck = 1020;
				ORGANIZATIONNAME = "Jhon Fredy Pardo Patiño";
				TargetAttributes = {
					838184BA22DA860A00919ABD = {
						CreatedOnToolsVersion = 10.2.1;
					};
					838184CE22DA860C00919ABD = {
						CreatedOnToolsVersion = 10.2.1;
						TestTargetID = 838184BA22DA860A00919ABD;
					};
				};
			};
			buildConfigurationList = 838184B622DA860A00919ABD /* Build configuration list for PBXProject "TheMoviesApp" */;
			compatibilityVersion = "Xcode 9.3";
			developmentRegion = en;
			hasScannedForEncodings = 0;
			knownRegions = (
				en,
				Base,
			);
			mainGroup = 838184B222DA860A00919ABD;
			productRefGroup = 838184BC22DA860A00919ABD /* Products */;
			projectDirPath = "";
			projectRoot = "";
			targets = (
				838184BA22DA860A00919ABD /* TheMoviesApp */,
				838184CE22DA860C00919ABD /* TheMoviesAppTests */,
			);
		};
/* End PBXProject section */

/* Begin PBXResourcesBuildPhase section */
		838184B922DA860A00919ABD /* Resources */ = {
			isa = PBXResourcesBuildPhase;
			buildActionMask = 2147483647;
			files = (
				838184F222DA9D8100919ABD /* Main.storyboard in Resources */,
				838184F622DA9DCA00919ABD /* MovieViewCell.xib in Resources */,
				838184C922DA860C00919ABD /* LaunchScreen.storyboard in Resources */,
				838184C622DA860C00919ABD /* Assets.xcassets in Resources */,
				8303749A22DBA861000143EE /* MovieDetail.storyboard in Resources */,
			);
			runOnlyForDeploymentPostprocessing = 0;
		};
		838184CD22DA860C00919ABD /* Resources */ = {
			isa = PBXResourcesBuildPhase;
			buildActionMask = 2147483647;
			files = (
			);
			runOnlyForDeploymentPostprocessing = 0;
		};
/* End PBXResourcesBuildPhase section */

/* Begin PBXShellScriptBuildPhase section */
		4C5EC596B84D14FB9291EBD0 /* [CP] Check Pods Manifest.lock */ = {
			isa = PBXShellScriptBuildPhase;
			buildActionMask = 2147483647;
			files = (
			);
			inputFileListPaths = (
			);
			inputPaths = (
				"${PODS_PODFILE_DIR_PATH}/Podfile.lock",
				"${PODS_ROOT}/Manifest.lock",
			);
			name = "[CP] Check Pods Manifest.lock";
			outputFileListPaths = (
			);
			outputPaths = (
				"$(DERIVED_FILE_DIR)/Pods-TheMoviesAppTests-checkManifestLockResult.txt",
			);
			runOnlyForDeploymentPostprocessing = 0;
			shellPath = /bin/sh;
			shellScript = "diff \"${PODS_PODFILE_DIR_PATH}/Podfile.lock\" \"${PODS_ROOT}/Manifest.lock\" > /dev/null\nif [ $? != 0 ] ; then\n    # print error to STDERR\n    echo \"error: The sandbox is not in sync with the Podfile.lock. Run 'pod install' or update your CocoaPods installation.\" >&2\n    exit 1\nfi\n# This output is used by Xcode 'outputs' to avoid re-running this script phase.\necho \"SUCCESS\" > \"${SCRIPT_OUTPUT_FILE_0}\"\n";
			showEnvVarsInLog = 0;
		};
		60CC4767F65C5726FAF4B1BE /* [CP] Embed Pods Frameworks */ = {
			isa = PBXShellScriptBuildPhase;
			buildActionMask = 2147483647;
			files = (
			);
			inputFileListPaths = (
				"${PODS_ROOT}/Target Support Files/Pods-TheMoviesApp/Pods-TheMoviesApp-frameworks-${CONFIGURATION}-input-files.xcfilelist",
			);
			name = "[CP] Embed Pods Frameworks";
			outputFileListPaths = (
				"${PODS_ROOT}/Target Support Files/Pods-TheMoviesApp/Pods-TheMoviesApp-frameworks-${CONFIGURATION}-output-files.xcfilelist",
			);
			runOnlyForDeploymentPostprocessing = 0;
			shellPath = /bin/sh;
			shellScript = "\"${PODS_ROOT}/Target Support Files/Pods-TheMoviesApp/Pods-TheMoviesApp-frameworks.sh\"\n";
			showEnvVarsInLog = 0;
		};
		8424F08034762CA49ED458A2 /* [CP] Check Pods Manifest.lock */ = {
			isa = PBXShellScriptBuildPhase;
			buildActionMask = 2147483647;
			files = (
			);
			inputFileListPaths = (
			);
			inputPaths = (
				"${PODS_PODFILE_DIR_PATH}/Podfile.lock",
				"${PODS_ROOT}/Manifest.lock",
			);
			name = "[CP] Check Pods Manifest.lock";
			outputFileListPaths = (
			);
			outputPaths = (
				"$(DERIVED_FILE_DIR)/Pods-TheMoviesApp-checkManifestLockResult.txt",
			);
			runOnlyForDeploymentPostprocessing = 0;
			shellPath = /bin/sh;
			shellScript = "diff \"${PODS_PODFILE_DIR_PATH}/Podfile.lock\" \"${PODS_ROOT}/Manifest.lock\" > /dev/null\nif [ $? != 0 ] ; then\n    # print error to STDERR\n    echo \"error: The sandbox is not in sync with the Podfile.lock. Run 'pod install' or update your CocoaPods installation.\" >&2\n    exit 1\nfi\n# This output is used by Xcode 'outputs' to avoid re-running this script phase.\necho \"SUCCESS\" > \"${SCRIPT_OUTPUT_FILE_0}\"\n";
			showEnvVarsInLog = 0;
		};
/* End PBXShellScriptBuildPhase section */

/* Begin PBXSourcesBuildPhase section */
		838184B722DA860A00919ABD /* Sources */ = {
			isa = PBXSourcesBuildPhase;
			buildActionMask = 2147483647;
			files = (
				8303749722DB892E000143EE /* PopularMovies.swift in Sources */,
				838184FF22DA9FDC00919ABD /* ConstantsRestApi.swift in Sources */,
				838184F122DA9D8100919ABD /* MovieListViewController.swift in Sources */,
				838184F722DA9DCA00919ABD /* MovieViewCell.swift in Sources */,
				8381850322DAB53C00919ABD /* MovieListViewModel.swift in Sources */,
				8381850122DAAFAF00919ABD /* ApiAccess.swift in Sources */,
				8381850822DABE7300919ABD /* MovieListViewModelCallback.swift in Sources */,
				838184F922DA9DF700919ABD /* Movie.swift in Sources */,
				838184BF22DA860A00919ABD /* AppDelegate.swift in Sources */,
				8303749C22DBA89E000143EE /* MovieDetailViewController.swift in Sources */,
			);
			runOnlyForDeploymentPostprocessing = 0;
		};
		838184CB22DA860C00919ABD /* Sources */ = {
			isa = PBXSourcesBuildPhase;
			buildActionMask = 2147483647;
			files = (
				838184D422DA860C00919ABD /* TheMoviesAppTests.swift in Sources */,
			);
			runOnlyForDeploymentPostprocessing = 0;
		};
/* End PBXSourcesBuildPhase section */

/* Begin PBXTargetDependency section */
		838184D122DA860C00919ABD /* PBXTargetDependency */ = {
			isa = PBXTargetDependency;
			target = 838184BA22DA860A00919ABD /* TheMoviesApp */;
			targetProxy = 838184D022DA860C00919ABD /* PBXContainerItemProxy */;
		};
/* End PBXTargetDependency section */

/* Begin PBXVariantGroup section */
		838184C722DA860C00919ABD /* LaunchScreen.storyboard */ = {
			isa = PBXVariantGroup;
			children = (
				838184C822DA860C00919ABD /* Base */,
			);
			name = LaunchScreen.storyboard;
			sourceTree = "<group>";
		};
		838184EF22DA9D8100919ABD /* Main.storyboard */ = {
			isa = PBXVariantGroup;
			children = (
				838184F022DA9D8100919ABD /* Base */,
			);
			name = Main.storyboard;
			sourceTree = "<group>";
		};
/* End PBXVariantGroup section */

/* Begin XCBuildConfiguration section */
		838184D622DA860C00919ABD /* Debug */ = {
			isa = XCBuildConfiguration;
			buildSettings = {
				ALWAYS_SEARCH_USER_PATHS = NO;
				CLANG_ANALYZER_NONNULL = YES;
				CLANG_ANALYZER_NUMBER_OBJECT_CONVERSION = YES_AGGRESSIVE;
				CLANG_CXX_LANGUAGE_STANDARD = "gnu++14";
				CLANG_CXX_LIBRARY = "libc++";
				CLANG_ENABLE_MODULES = YES;
				CLANG_ENABLE_OBJC_ARC = YES;
				CLANG_ENABLE_OBJC_WEAK = YES;
				CLANG_WARN_BLOCK_CAPTURE_AUTORELEASING = YES;
				CLANG_WARN_BOOL_CONVERSION = YES;
				CLANG_WARN_COMMA = YES;
				CLANG_WARN_CONSTANT_CONVERSION = YES;
				CLANG_WARN_DEPRECATED_OBJC_IMPLEMENTATIONS = YES;
				CLANG_WARN_DIRECT_OBJC_ISA_USAGE = YES_ERROR;
				CLANG_WARN_DOCUMENTATION_COMMENTS = YES;
				CLANG_WARN_EMPTY_BODY = YES;
				CLANG_WARN_ENUM_CONVERSION = YES;
				CLANG_WARN_INFINITE_RECURSION = YES;
				CLANG_WARN_INT_CONVERSION = YES;
				CLANG_WARN_NON_LITERAL_NULL_CONVERSION = YES;
				CLANG_WARN_OBJC_IMPLICIT_RETAIN_SELF = YES;
				CLANG_WARN_OBJC_LITERAL_CONVERSION = YES;
				CLANG_WARN_OBJC_ROOT_CLASS = YES_ERROR;
				CLANG_WARN_RANGE_LOOP_ANALYSIS = YES;
				CLANG_WARN_STRICT_PROTOTYPES = YES;
				CLANG_WARN_SUSPICIOUS_MOVE = YES;
				CLANG_WARN_UNGUARDED_AVAILABILITY = YES_AGGRESSIVE;
				CLANG_WARN_UNREACHABLE_CODE = YES;
				CLANG_WARN__DUPLICATE_METHOD_MATCH = YES;
				CODE_SIGN_IDENTITY = "iPhone Developer";
				COPY_PHASE_STRIP = NO;
				DEBUG_INFORMATION_FORMAT = dwarf;
				ENABLE_STRICT_OBJC_MSGSEND = YES;
				ENABLE_TESTABILITY = YES;
				GCC_C_LANGUAGE_STANDARD = gnu11;
				GCC_DYNAMIC_NO_PIC = NO;
				GCC_NO_COMMON_BLOCKS = YES;
				GCC_OPTIMIZATION_LEVEL = 0;
				GCC_PREPROCESSOR_DEFINITIONS = (
					"DEBUG=1",
					"$(inherited)",
				);
				GCC_WARN_64_TO_32_BIT_CONVERSION = YES;
				GCC_WARN_ABOUT_RETURN_TYPE = YES_ERROR;
				GCC_WARN_UNDECLARED_SELECTOR = YES;
				GCC_WARN_UNINITIALIZED_AUTOS = YES_AGGRESSIVE;
				GCC_WARN_UNUSED_FUNCTION = YES;
				GCC_WARN_UNUSED_VARIABLE = YES;
				IPHONEOS_DEPLOYMENT_TARGET = 12.2;
				MTL_ENABLE_DEBUG_INFO = INCLUDE_SOURCE;
				MTL_FAST_MATH = YES;
				ONLY_ACTIVE_ARCH = YES;
				SDKROOT = iphoneos;
				SWIFT_ACTIVE_COMPILATION_CONDITIONS = DEBUG;
				SWIFT_OPTIMIZATION_LEVEL = "-Onone";
			};
			name = Debug;
		};
		838184D722DA860C00919ABD /* Release */ = {
			isa = XCBuildConfiguration;
			buildSettings = {
				ALWAYS_SEARCH_USER_PATHS = NO;
				CLANG_ANALYZER_NONNULL = YES;
				CLANG_ANALYZER_NUMBER_OBJECT_CONVERSION = YES_AGGRESSIVE;
				CLANG_CXX_LANGUAGE_STANDARD = "gnu++14";
				CLANG_CXX_LIBRARY = "libc++";
				CLANG_ENABLE_MODULES = YES;
				CLANG_ENABLE_OBJC_ARC = YES;
				CLANG_ENABLE_OBJC_WEAK = YES;
				CLANG_WARN_BLOCK_CAPTURE_AUTORELEASING = YES;
				CLANG_WARN_BOOL_CONVERSION = YES;
				CLANG_WARN_COMMA = YES;
				CLANG_WARN_CONSTANT_CONVERSION = YES;
				CLANG_WARN_DEPRECATED_OBJC_IMPLEMENTATIONS = YES;
				CLANG_WARN_DIRECT_OBJC_ISA_USAGE = YES_ERROR;
				CLANG_WARN_DOCUMENTATION_COMMENTS = YES;
				CLANG_WARN_EMPTY_BODY = YES;
				CLANG_WARN_ENUM_CONVERSION = YES;
				CLANG_WARN_INFINITE_RECURSION = YES;
				CLANG_WARN_INT_CONVERSION = YES;
				CLANG_WARN_NON_LITERAL_NULL_CONVERSION = YES;
				CLANG_WARN_OBJC_IMPLICIT_RETAIN_SELF = YES;
				CLANG_WARN_OBJC_LITERAL_CONVERSION = YES;
				CLANG_WARN_OBJC_ROOT_CLASS = YES_ERROR;
				CLANG_WARN_RANGE_LOOP_ANALYSIS = YES;
				CLANG_WARN_STRICT_PROTOTYPES = YES;
				CLANG_WARN_SUSPICIOUS_MOVE = YES;
				CLANG_WARN_UNGUARDED_AVAILABILITY = YES_AGGRESSIVE;
				CLANG_WARN_UNREACHABLE_CODE = YES;
				CLANG_WARN__DUPLICATE_METHOD_MATCH = YES;
				CODE_SIGN_IDENTITY = "iPhone Developer";
				COPY_PHASE_STRIP = NO;
				DEBUG_INFORMATION_FORMAT = "dwarf-with-dsym";
				ENABLE_NS_ASSERTIONS = NO;
				ENABLE_STRICT_OBJC_MSGSEND = YES;
				GCC_C_LANGUAGE_STANDARD = gnu11;
				GCC_NO_COMMON_BLOCKS = YES;
				GCC_WARN_64_TO_32_BIT_CONVERSION = YES;
				GCC_WARN_ABOUT_RETURN_TYPE = YES_ERROR;
				GCC_WARN_UNDECLARED_SELECTOR = YES;
				GCC_WARN_UNINITIALIZED_AUTOS = YES_AGGRESSIVE;
				GCC_WARN_UNUSED_FUNCTION = YES;
				GCC_WARN_UNUSED_VARIABLE = YES;
				IPHONEOS_DEPLOYMENT_TARGET = 12.2;
				MTL_ENABLE_DEBUG_INFO = NO;
				MTL_FAST_MATH = YES;
				SDKROOT = iphoneos;
				SWIFT_COMPILATION_MODE = wholemodule;
				SWIFT_OPTIMIZATION_LEVEL = "-O";
				VALIDATE_PRODUCT = YES;
			};
			name = Release;
		};
		838184D922DA860C00919ABD /* Debug */ = {
			isa = XCBuildConfiguration;
			baseConfigurationReference = FEFFFABED320A03964F651E5 /* Pods-TheMoviesApp.debug.xcconfig */;
			buildSettings = {
				ASSETCATALOG_COMPILER_APPICON_NAME = AppIcon;
				CODE_SIGN_STYLE = Automatic;
				INFOPLIST_FILE = TheMoviesApp/Info.plist;
				LD_RUNPATH_SEARCH_PATHS = (
					"$(inherited)",
					"@executable_path/Frameworks",
				);
				PRODUCT_BUNDLE_IDENTIFIER = com.jfpardopat.TheMoviesApp;
				PRODUCT_NAME = "$(TARGET_NAME)";
				SWIFT_VERSION = 5.0;
				TARGETED_DEVICE_FAMILY = 1;
			};
			name = Debug;
		};
		838184DA22DA860C00919ABD /* Release */ = {
			isa = XCBuildConfiguration;
			baseConfigurationReference = 98D95303081CA00D0B98DA4A /* Pods-TheMoviesApp.release.xcconfig */;
			buildSettings = {
				ASSETCATALOG_COMPILER_APPICON_NAME = AppIcon;
				CODE_SIGN_STYLE = Automatic;
				INFOPLIST_FILE = TheMoviesApp/Info.plist;
				LD_RUNPATH_SEARCH_PATHS = (
					"$(inherited)",
					"@executable_path/Frameworks",
				);
				PRODUCT_BUNDLE_IDENTIFIER = com.jfpardopat.TheMoviesApp;
				PRODUCT_NAME = "$(TARGET_NAME)";
				SWIFT_VERSION = 5.0;
				TARGETED_DEVICE_FAMILY = 1;
			};
			name = Release;
		};
		838184DC22DA860C00919ABD /* Debug */ = {
			isa = XCBuildConfiguration;
			baseConfigurationReference = C918DF8ACF7808C7CD94EF9B /* Pods-TheMoviesAppTests.debug.xcconfig */;
			buildSettings = {
				ALWAYS_EMBED_SWIFT_STANDARD_LIBRARIES = YES;
				BUNDLE_LOADER = "$(TEST_HOST)";
				CODE_SIGN_STYLE = Automatic;
				INFOPLIST_FILE = TheMoviesAppTests/Info.plist;
				LD_RUNPATH_SEARCH_PATHS = (
					"$(inherited)",
					"@executable_path/Frameworks",
					"@loader_path/Frameworks",
				);
				PRODUCT_BUNDLE_IDENTIFIER = com.jfpardopat.TheMoviesAppTests;
				PRODUCT_NAME = "$(TARGET_NAME)";
				SWIFT_VERSION = 5.0;
				TARGETED_DEVICE_FAMILY = "1,2";
				TEST_HOST = "$(BUILT_PRODUCTS_DIR)/TheMoviesApp.app/TheMoviesApp";
			};
			name = Debug;
		};
		838184DD22DA860C00919ABD /* Release */ = {
			isa = XCBuildConfiguration;
			baseConfigurationReference = 03F3D7C28973AC637C922C12 /* Pods-TheMoviesAppTests.release.xcconfig */;
			buildSettings = {
				ALWAYS_EMBED_SWIFT_STANDARD_LIBRARIES = YES;
				BUNDLE_LOADER = "$(TEST_HOST)";
				CODE_SIGN_STYLE = Automatic;
				INFOPLIST_FILE = TheMoviesAppTests/Info.plist;
				LD_RUNPATH_SEARCH_PATHS = (
					"$(inherited)",
					"@executable_path/Frameworks",
					"@loader_path/Frameworks",
				);
				PRODUCT_BUNDLE_IDENTIFIER = com.jfpardopat.TheMoviesAppTests;
				PRODUCT_NAME = "$(TARGET_NAME)";
				SWIFT_VERSION = 5.0;
				TARGETED_DEVICE_FAMILY = "1,2";
				TEST_HOST = "$(BUILT_PRODUCTS_DIR)/TheMoviesApp.app/TheMoviesApp";
			};
			name = Release;
		};
/* End XCBuildConfiguration section */

/* Begin XCConfigurationList section */
		838184B622DA860A00919ABD /* Build configuration list for PBXProject "TheMoviesApp" */ = {
			isa = XCConfigurationList;
			buildConfigurations = (
				838184D622DA860C00919ABD /* Debug */,
				838184D722DA860C00919ABD /* Release */,
			);
			defaultConfigurationIsVisible = 0;
			defaultConfigurationName = Release;
		};
		838184D822DA860C00919ABD /* Build configuration list for PBXNativeTarget "TheMoviesApp" */ = {
			isa = XCConfigurationList;
			buildConfigurations = (
				838184D922DA860C00919ABD /* Debug */,
				838184DA22DA860C00919ABD /* Release */,
			);
			defaultConfigurationIsVisible = 0;
			defaultConfigurationName = Release;
		};
		838184DB22DA860C00919ABD /* Build configuration list for PBXNativeTarget "TheMoviesAppTests" */ = {
			isa = XCConfigurationList;
			buildConfigurations = (
				838184DC22DA860C00919ABD /* Debug */,
				838184DD22DA860C00919ABD /* Release */,
			);
			defaultConfigurationIsVisible = 0;
			defaultConfigurationName = Release;
		};
/* End XCConfigurationList section */
	};
	rootObject = 838184B322DA860A00919ABD /* Project object */;
}
